
Microsoft Visual Studio Solution File, Format Version 12.00
# Visual Studio 15
VisualStudioVersion = 15.0.27130.2010
MinimumVisualStudioVersion = 10.0.40219.1
Project("{FAE04EC0-301F-11D3-BF4B-00C04F79EFBC}") = "FileFormatterService", "FileFormatterService\FileFormatterService.csproj", "{B029E30B-DF88-4D2A-8013-180C8B670CB4}"
EndProject
Project("{FAE04EC0-301F-11D3-BF4B-00C04F79EFBC}") = "Common", "..\Common\Common.csproj", "{2DF5384D-DD7D-401A-806B-664A90EC3A8F}"
EndProject
Project("{FAE04EC0-301F-11D3-BF4B-00C04F79EFBC}") = "FileFormatterServiceTests", "FileFormatterServiceTests\FileFormatterServiceTests.csproj", "{A03721F1-7D80-4F86-B74E-6FC31427B78D}"
EndProject
Project("{FAE04EC0-301F-11D3-BF4B-00C04F79EFBC}") = "FileFormatterCentralService", "FileFormatterCentralService\FileFormatterCentralService.csproj", "{010B6884-B2CA-44CC-9AA8-4DBB50335108}"
EndProject
Project("{FAE04EC0-301F-11D3-BF4B-00C04F79EFBC}") = "MessagingApi", "MessagingApi\MessagingApi.csproj", "{07D10747-0B87-4D69-8235-0BAE9FAB34F0}"
EndProject
Global
	GlobalSection(SolutionConfigurationPlatforms) = preSolution
		Debug|Any CPU = Debug|Any CPU
		Release|Any CPU = Release|Any CPU
	EndGlobalSection
	GlobalSection(ProjectConfigurationPlatforms) = postSolution
		{B029E30B-DF88-4D2A-8013-180C8B670CB4}.Debug|Any CPU.ActiveCfg = Debug|Any CPU
		{B029E30B-DF88-4D2A-8013-180C8B670CB4}.Debug|Any CPU.Build.0 = Debug|Any CPU
		{B029E30B-DF88-4D2A-8013-180C8B670CB4}.Release|Any CPU.ActiveCfg = Release|Any CPU
		{B029E30B-DF88-4D2A-8013-180C8B670CB4}.Release|Any CPU.Build.0 = Release|Any CPU
		{2DF5384D-DD7D-401A-806B-664A90EC3A8F}.Debug|Any CPU.ActiveCfg = Debug|Any CPU
		{2DF5384D-DD7D-401A-806B-664A90EC3A8F}.Debug|Any CPU.Build.0 = Debug|Any CPU
		{2DF5384D-DD7D-401A-806B-664A90EC3A8F}.Release|Any CPU.ActiveCfg = Release|Any CPU
		{2DF5384D-DD7D-401A-806B-664A90EC3A8F}.Release|Any CPU.Build.0 = Release|Any CPU
		{A03721F1-7D80-4F86-B74E-6FC31427B78D}.Debug|Any CPU.ActiveCfg = Debug|Any CPU
		{A03721F1-7D80-4F86-B74E-6FC31427B78D}.Debug|Any CPU.Build.0 = Debug|Any CPU
		{A03721F1-7D80-4F86-B74E-6FC31427B78D}.Release|Any CPU.ActiveCfg = Release|Any CPU
		{A03721F1-7D80-4F86-B74E-6FC31427B78D}.Release|Any CPU.Build.0 = Release|Any CPU
		{010B6884-B2CA-44CC-9AA8-4DBB50335108}.Debug|Any CPU.ActiveCfg = Debug|Any CPU
		{010B6884-B2CA-44CC-9AA8-4DBB50335108}.Debug|Any CPU.Build.0 = Debug|Any CPU
		{010B6884-B2CA-44CC-9AA8-4DBB50335108}.Release|Any CPU.ActiveCfg = Release|Any CPU
		{010B6884-B2CA-44CC-9AA8-4DBB50335108}.Release|Any CPU.Build.0 = Release|Any CPU
		{07D10747-0B87-4D69-8235-0BAE9FAB34F0}.Debug|Any CPU.ActiveCfg = Debug|Any CPU
		{07D10747-0B87-4D69-8235-0BAE9FAB34F0}.Debug|Any CPU.Build.0 = Debug|Any CPU
		{07D10747-0B87-4D69-8235-0BAE9FAB34F0}.Release|Any CPU.ActiveCfg = Release|Any CPU
		{07D10747-0B87-4D69-8235-0BAE9FAB34F0}.Release|Any CPU.Build.0 = Release|Any CPU
	EndGlobalSection
	GlobalSection(SolutionProperties) = preSolution
		HideSolutionNode = FALSE
	EndGlobalSection
	GlobalSection(ExtensibilityGlobals) = postSolution
		SolutionGuid = {5089E494-DB29-411A-AAF9-C7B8C0116E16}
	EndGlobalSection
EndGlobal
