
Microsoft Visual Studio Solution File, Format Version 12.00
# Visual Studio 15
VisualStudioVersion = 15.0.27428.2005
MinimumVisualStudioVersion = 10.0.40219.1
Project("{FAE04EC0-301F-11D3-BF4B-00C04F79EFBC}") = "ExpressionTree.01", "ExpressionTree.01\ExpressionTree.01.csproj", "{E9473475-D889-43E9-8D2B-E2DE56D200EB}"
EndProject
Project("{FAE04EC0-301F-11D3-BF4B-00C04F79EFBC}") = "ExpressionTree.02", "ExpressionTree.02\ExpressionTree.02.csproj", "{9F67B11D-42EC-419C-9982-9363A9BDB4CB}"
EndProject
Project("{FAE04EC0-301F-11D3-BF4B-00C04F79EFBC}") = "ExpressionTree.02.Tests", "ExpressionTree.02.Tests\ExpressionTree.02.Tests.csproj", "{7D51D800-D305-494A-990F-515D42835091}"
EndProject
Project("{FAE04EC0-301F-11D3-BF4B-00C04F79EFBC}") = "IQueryable.01", "IQueryable.01\IQueryable.01.csproj", "{B0D10EFF-6A52-4095-AA0D-019641C0F661}"
EndProject
Project("{FAE04EC0-301F-11D3-BF4B-00C04F79EFBC}") = "IQueryable.01.Tests", "IQueryable.01.Tests\IQueryable.01.Tests.csproj", "{6236015A-7549-4DE6-B778-1FD53FA040C7}"
EndProject
Project("{FAE04EC0-301F-11D3-BF4B-00C04F79EFBC}") = "ExpressionTree.01Tests", "ExpressionTree.01Tests\ExpressionTree.01Tests.csproj", "{5D1FEC4C-B516-4E5A-A9C5-9FB9D2F61FDB}"
EndProject
Global
	GlobalSection(SolutionConfigurationPlatforms) = preSolution
		Debug|Any CPU = Debug|Any CPU
		Release|Any CPU = Release|Any CPU
	EndGlobalSection
	GlobalSection(ProjectConfigurationPlatforms) = postSolution
		{E9473475-D889-43E9-8D2B-E2DE56D200EB}.Debug|Any CPU.ActiveCfg = Debug|Any CPU
		{E9473475-D889-43E9-8D2B-E2DE56D200EB}.Debug|Any CPU.Build.0 = Debug|Any CPU
		{E9473475-D889-43E9-8D2B-E2DE56D200EB}.Release|Any CPU.ActiveCfg = Release|Any CPU
		{E9473475-D889-43E9-8D2B-E2DE56D200EB}.Release|Any CPU.Build.0 = Release|Any CPU
		{9F67B11D-42EC-419C-9982-9363A9BDB4CB}.Debug|Any CPU.ActiveCfg = Debug|Any CPU
		{9F67B11D-42EC-419C-9982-9363A9BDB4CB}.Debug|Any CPU.Build.0 = Debug|Any CPU
		{9F67B11D-42EC-419C-9982-9363A9BDB4CB}.Release|Any CPU.ActiveCfg = Release|Any CPU
		{9F67B11D-42EC-419C-9982-9363A9BDB4CB}.Release|Any CPU.Build.0 = Release|Any CPU
		{7D51D800-D305-494A-990F-515D42835091}.Debug|Any CPU.ActiveCfg = Debug|Any CPU
		{7D51D800-D305-494A-990F-515D42835091}.Debug|Any CPU.Build.0 = Debug|Any CPU
		{7D51D800-D305-494A-990F-515D42835091}.Release|Any CPU.ActiveCfg = Release|Any CPU
		{7D51D800-D305-494A-990F-515D42835091}.Release|Any CPU.Build.0 = Release|Any CPU
		{B0D10EFF-6A52-4095-AA0D-019641C0F661}.Debug|Any CPU.ActiveCfg = Debug|Any CPU
		{B0D10EFF-6A52-4095-AA0D-019641C0F661}.Debug|Any CPU.Build.0 = Debug|Any CPU
		{B0D10EFF-6A52-4095-AA0D-019641C0F661}.Release|Any CPU.ActiveCfg = Release|Any CPU
		{B0D10EFF-6A52-4095-AA0D-019641C0F661}.Release|Any CPU.Build.0 = Release|Any CPU
		{6236015A-7549-4DE6-B778-1FD53FA040C7}.Debug|Any CPU.ActiveCfg = Debug|Any CPU
		{6236015A-7549-4DE6-B778-1FD53FA040C7}.Debug|Any CPU.Build.0 = Debug|Any CPU
		{6236015A-7549-4DE6-B778-1FD53FA040C7}.Release|Any CPU.ActiveCfg = Release|Any CPU
		{6236015A-7549-4DE6-B778-1FD53FA040C7}.Release|Any CPU.Build.0 = Release|Any CPU
		{5D1FEC4C-B516-4E5A-A9C5-9FB9D2F61FDB}.Debug|Any CPU.ActiveCfg = Debug|Any CPU
		{5D1FEC4C-B516-4E5A-A9C5-9FB9D2F61FDB}.Debug|Any CPU.Build.0 = Debug|Any CPU
		{5D1FEC4C-B516-4E5A-A9C5-9FB9D2F61FDB}.Release|Any CPU.ActiveCfg = Release|Any CPU
		{5D1FEC4C-B516-4E5A-A9C5-9FB9D2F61FDB}.Release|Any CPU.Build.0 = Release|Any CPU
	EndGlobalSection
	GlobalSection(SolutionProperties) = preSolution
		HideSolutionNode = FALSE
	EndGlobalSection
	GlobalSection(ExtensibilityGlobals) = postSolution
		SolutionGuid = {C78FE137-161C-42E4-BA48-BBB3C9D3BBF1}
	EndGlobalSection
EndGlobal
